
Microsoft Visual Studio Solution File, Format Version 12.00
# Visual Studio Version 16
VisualStudioVersion = 16.0.31424.327
MinimumVisualStudioVersion = 10.0.40219.1
Project("{9A19103F-16F7-4668-BE54-9A1E7A4F7556}") = "Exercises", "Exercises\Exercises.csproj", "{A75233AF-C03A-4C9F-84B7-CDCE3623A809}"
EndProject
Project("{FAE04EC0-301F-11D3-BF4B-00C04F79EFBC}") = "Exercises.Tests", "Exercises.Tests\Exercises.Tests.csproj", "{D02C0CF7-FFFD-4A44-8E9A-B4C582328ED3}"
EndProject
Global
	GlobalSection(SolutionConfigurationPlatforms) = preSolution
		Debug|Any CPU = Debug|Any CPU
		Release|Any CPU = Release|Any CPU
	EndGlobalSection
	GlobalSection(ProjectConfigurationPlatforms) = postSolution
		{A75233AF-C03A-4C9F-84B7-CDCE3623A809}.Debug|Any CPU.ActiveCfg = Debug|Any CPU
		{A75233AF-C03A-4C9F-84B7-CDCE3623A809}.Debug|Any CPU.Build.0 = Debug|Any CPU
		{A75233AF-C03A-4C9F-84B7-CDCE3623A809}.Release|Any CPU.ActiveCfg = Release|Any CPU
		{A75233AF-C03A-4C9F-84B7-CDCE3623A809}.Release|Any CPU.Build.0 = Release|Any CPU
		{D02C0CF7-FFFD-4A44-8E9A-B4C582328ED3}.Debug|Any CPU.ActiveCfg = Debug|Any CPU
		{D02C0CF7-FFFD-4A44-8E9A-B4C582328ED3}.Debug|Any CPU.Build.0 = Debug|Any CPU
		{D02C0CF7-FFFD-4A44-8E9A-B4C582328ED3}.Release|Any CPU.ActiveCfg = Release|Any CPU
		{D02C0CF7-FFFD-4A44-8E9A-B4C582328ED3}.Release|Any CPU.Build.0 = Release|Any CPU
	EndGlobalSection
	GlobalSection(SolutionProperties) = preSolution
		HideSolutionNode = FALSE
	EndGlobalSection
	GlobalSection(ExtensibilityGlobals) = postSolution
		SolutionGuid = {69611A4A-0685-469E-8C54-0CFFECE5AF67}
	EndGlobalSection
EndGlobal
